
Microsoft Visual Studio Solution File, Format Version 12.00
# Visual Studio Version 16
VisualStudioVersion = 16.0.31829.152
MinimumVisualStudioVersion = 10.0.40219.1
Project("{FAE04EC0-301F-11D3-BF4B-00C04F79EFBC}") = "BookStore", "BookStore.csproj", "{AC32C9AA-CEA1-4451-8185-B9B30DBE6AA1}"
EndProject
Global
	GlobalSection(SolutionConfigurationPlatforms) = preSolution
		Debug|Any CPU = Debug|Any CPU
		Release|Any CPU = Release|Any CPU
	EndGlobalSection
	GlobalSection(ProjectConfigurationPlatforms) = postSolution
		{AC32C9AA-CEA1-4451-8185-B9B30DBE6AA1}.Debug|Any CPU.ActiveCfg = Debug|Any CPU
		{AC32C9AA-CEA1-4451-8185-B9B30DBE6AA1}.Debug|Any CPU.Build.0 = Debug|Any CPU
		{AC32C9AA-CEA1-4451-8185-B9B30DBE6AA1}.Release|Any CPU.ActiveCfg = Release|Any CPU
		{AC32C9AA-CEA1-4451-8185-B9B30DBE6AA1}.Release|Any CPU.Build.0 = Release|Any CPU
	EndGlobalSection
	GlobalSection(SolutionProperties) = preSolution
		HideSolutionNode = FALSE
	EndGlobalSection
	GlobalSection(ExtensibilityGlobals) = postSolution
		SolutionGuid = {5C44466A-236B-44A3-9BC7-320ADC16A9D2}
	EndGlobalSection
EndGlobal
